# Code generated by scarb DO NOT EDIT.
version = 1

[[package]]
name = "openzeppelin"
version = "0.12.0"
source = "git+https://github.com/OpenZeppelin/cairo-contracts.git?tag=v0.12.0#0697004db74502ce49900edef37331dd03531356"

[[package]]
name = "snforge_scarb_plugin"
version = "0.31.0"
source = "registry+https://scarbs.xyz/"
checksum = "sha256:1fce075fcbf7fce1b0935f6f9a034549704837fb221da212d3b6e9134cebfdaa"

[[package]]
name = "snforge_std"
version = "0.31.0"
source = "registry+https://scarbs.xyz/"
checksum = "sha256:60ac980b297281f9a59a5f1668cb56bdea1b28fd2f8008008270f9a3c91ad3ba"
dependencies = [
 "snforge_scarb_plugin",
]

[[package]]
name = "token_bound_accounts"
version = "0.3.0"
source = "git+https://github.com/Starknet-Africa-Edu/TBA?tag=v0.3.0#1f8b5e3c45422fb188ef2cf874b46d02f642973b"

[[package]]
name = "tokengiver"
version = "0.1.0"
dependencies = [
 "openzeppelin",
 "snforge_std",
 "token_bound_accounts",
]
